
Microsoft Visual Studio Solution File, Format Version 12.00
# Visual Studio Version 16
VisualStudioVersion = 16.0.31515.178
MinimumVisualStudioVersion = 10.0.40219.1
Project("{2150E333-8FDC-42A3-9474-1A3956D46DE8}") = "Doc", "Doc", "{AF652D36-EB8D-481A-98F0-731F837F67F8}"
EndProject
Project("{2150E333-8FDC-42A3-9474-1A3956D46DE8}") = "Src", "Src", "{70894FF9-67BE-4E32-9374-B01FE2F4D80D}"
EndProject
Project("{2150E333-8FDC-42A3-9474-1A3956D46DE8}") = "Test", "Test", "{95BDD128-6080-41C1-BABB-72F76360F3B9}"
EndProject
Project("{2150E333-8FDC-42A3-9474-1A3956D46DE8}") = "Common", "Common", "{E60A00E7-0F7A-4134-B3FA-6A730250C85C}"
EndProject
Project("{2150E333-8FDC-42A3-9474-1A3956D46DE8}") = "Core", "Core", "{FC5F8B3F-3001-4704-ADA2-0096AA1515B9}"
EndProject
Project("{2150E333-8FDC-42A3-9474-1A3956D46DE8}") = "Infrastructure", "Infrastructure", "{E732002E-2A88-46AF-8912-FF7AAAF03800}"
EndProject
Project("{2150E333-8FDC-42A3-9474-1A3956D46DE8}") = "Presentation", "Presentation", "{88026D0A-1B13-4CBB-B968-1A61525631BB}"
EndProject
Project("{9A19103F-16F7-4668-BE54-9A1E7A4F7556}") = "WebSite.Common", "WebSite.Common\WebSite.Common.csproj", "{73BE17C0-1179-4378-9437-225704BD1686}"
EndProject
Project("{9A19103F-16F7-4668-BE54-9A1E7A4F7556}") = "WebSite.Application", "WebSite.Application\WebSite.Application.csproj", "{41E29B10-2EB6-4A00-B4A8-3ECB6FA73FCC}"
EndProject
Project("{9A19103F-16F7-4668-BE54-9A1E7A4F7556}") = "WebSite.Domain", "WebSite.Domain\WebSite.Domain.csproj", "{029F103E-AD00-497D-A3CC-38D188634A20}"
EndProject
Project("{9A19103F-16F7-4668-BE54-9A1E7A4F7556}") = "WebSite.Infrastructure", "WebSite.Infrastructure\WebSite.Infrastructure.csproj", "{15E168B0-296D-438A-91C8-F05BE9970DBD}"
EndProject
Project("{9A19103F-16F7-4668-BE54-9A1E7A4F7556}") = "WebSite.Persistence", "WebSite.Persistence\WebSite.Persistence.csproj", "{EEBA3EC7-1D5A-460D-ACAA-1072E385A0A6}"
EndProject
Project("{9A19103F-16F7-4668-BE54-9A1E7A4F7556}") = "EndPoint.Site", "EndPoint.Site\EndPoint.Site.csproj", "{836F74B7-A2A3-4462-B143-8FEBF1B01309}"
EndProject
Global
	GlobalSection(SolutionConfigurationPlatforms) = preSolution
		Debug|Any CPU = Debug|Any CPU
		Release|Any CPU = Release|Any CPU
	EndGlobalSection
	GlobalSection(ProjectConfigurationPlatforms) = postSolution
		{73BE17C0-1179-4378-9437-225704BD1686}.Debug|Any CPU.ActiveCfg = Debug|Any CPU
		{73BE17C0-1179-4378-9437-225704BD1686}.Debug|Any CPU.Build.0 = Debug|Any CPU
		{73BE17C0-1179-4378-9437-225704BD1686}.Release|Any CPU.ActiveCfg = Release|Any CPU
		{73BE17C0-1179-4378-9437-225704BD1686}.Release|Any CPU.Build.0 = Release|Any CPU
		{41E29B10-2EB6-4A00-B4A8-3ECB6FA73FCC}.Debug|Any CPU.ActiveCfg = Debug|Any CPU
		{41E29B10-2EB6-4A00-B4A8-3ECB6FA73FCC}.Debug|Any CPU.Build.0 = Debug|Any CPU
		{41E29B10-2EB6-4A00-B4A8-3ECB6FA73FCC}.Release|Any CPU.ActiveCfg = Release|Any CPU
		{41E29B10-2EB6-4A00-B4A8-3ECB6FA73FCC}.Release|Any CPU.Build.0 = Release|Any CPU
		{029F103E-AD00-497D-A3CC-38D188634A20}.Debug|Any CPU.ActiveCfg = Debug|Any CPU
		{029F103E-AD00-497D-A3CC-38D188634A20}.Debug|Any CPU.Build.0 = Debug|Any CPU
		{029F103E-AD00-497D-A3CC-38D188634A20}.Release|Any CPU.ActiveCfg = Release|Any CPU
		{029F103E-AD00-497D-A3CC-38D188634A20}.Release|Any CPU.Build.0 = Release|Any CPU
		{15E168B0-296D-438A-91C8-F05BE9970DBD}.Debug|Any CPU.ActiveCfg = Debug|Any CPU
		{15E168B0-296D-438A-91C8-F05BE9970DBD}.Debug|Any CPU.Build.0 = Debug|Any CPU
		{15E168B0-296D-438A-91C8-F05BE9970DBD}.Release|Any CPU.ActiveCfg = Release|Any CPU
		{15E168B0-296D-438A-91C8-F05BE9970DBD}.Release|Any CPU.Build.0 = Release|Any CPU
		{EEBA3EC7-1D5A-460D-ACAA-1072E385A0A6}.Debug|Any CPU.ActiveCfg = Debug|Any CPU
		{EEBA3EC7-1D5A-460D-ACAA-1072E385A0A6}.Debug|Any CPU.Build.0 = Debug|Any CPU
		{EEBA3EC7-1D5A-460D-ACAA-1072E385A0A6}.Release|Any CPU.ActiveCfg = Release|Any CPU
		{EEBA3EC7-1D5A-460D-ACAA-1072E385A0A6}.Release|Any CPU.Build.0 = Release|Any CPU
		{836F74B7-A2A3-4462-B143-8FEBF1B01309}.Debug|Any CPU.ActiveCfg = Debug|Any CPU
		{836F74B7-A2A3-4462-B143-8FEBF1B01309}.Debug|Any CPU.Build.0 = Debug|Any CPU
		{836F74B7-A2A3-4462-B143-8FEBF1B01309}.Release|Any CPU.ActiveCfg = Release|Any CPU
		{836F74B7-A2A3-4462-B143-8FEBF1B01309}.Release|Any CPU.Build.0 = Release|Any CPU
	EndGlobalSection
	GlobalSection(SolutionProperties) = preSolution
		HideSolutionNode = FALSE
	EndGlobalSection
	GlobalSection(NestedProjects) = preSolution
		{E60A00E7-0F7A-4134-B3FA-6A730250C85C} = {70894FF9-67BE-4E32-9374-B01FE2F4D80D}
		{FC5F8B3F-3001-4704-ADA2-0096AA1515B9} = {70894FF9-67BE-4E32-9374-B01FE2F4D80D}
		{E732002E-2A88-46AF-8912-FF7AAAF03800} = {70894FF9-67BE-4E32-9374-B01FE2F4D80D}
		{88026D0A-1B13-4CBB-B968-1A61525631BB} = {70894FF9-67BE-4E32-9374-B01FE2F4D80D}
		{73BE17C0-1179-4378-9437-225704BD1686} = {E60A00E7-0F7A-4134-B3FA-6A730250C85C}
		{41E29B10-2EB6-4A00-B4A8-3ECB6FA73FCC} = {FC5F8B3F-3001-4704-ADA2-0096AA1515B9}
		{029F103E-AD00-497D-A3CC-38D188634A20} = {FC5F8B3F-3001-4704-ADA2-0096AA1515B9}
		{15E168B0-296D-438A-91C8-F05BE9970DBD} = {E732002E-2A88-46AF-8912-FF7AAAF03800}
		{EEBA3EC7-1D5A-460D-ACAA-1072E385A0A6} = {E732002E-2A88-46AF-8912-FF7AAAF03800}
		{836F74B7-A2A3-4462-B143-8FEBF1B01309} = {88026D0A-1B13-4CBB-B968-1A61525631BB}
	EndGlobalSection
	GlobalSection(ExtensibilityGlobals) = postSolution
		SolutionGuid = {644A9C40-1F6E-4BEC-9DF1-4883D7074F4C}
	EndGlobalSection
EndGlobal
